
Microsoft Visual Studio Solution File, Format Version 12.00
# Visual Studio Version 17
VisualStudioVersion = 17.9.34607.119
MinimumVisualStudioVersion = 10.0.40219.1
Project("{FAE04EC0-301F-11D3-BF4B-00C04F79EFBC}") = "igrushka_uraaaa", "igrushka_uraaaa\igrushka_uraaaa.csproj", "{28C583E8-BE03-4225-A595-734BBEE85D9F}"
EndProject
Global
	GlobalSection(SolutionConfigurationPlatforms) = preSolution
		Debug|Any CPU = Debug|Any CPU
		Release|Any CPU = Release|Any CPU
	EndGlobalSection
	GlobalSection(ProjectConfigurationPlatforms) = postSolution
		{28C583E8-BE03-4225-A595-734BBEE85D9F}.Debug|Any CPU.ActiveCfg = Debug|Any CPU
		{28C583E8-BE03-4225-A595-734BBEE85D9F}.Debug|Any CPU.Build.0 = Debug|Any CPU
		{28C583E8-BE03-4225-A595-734BBEE85D9F}.Release|Any CPU.ActiveCfg = Release|Any CPU
		{28C583E8-BE03-4225-A595-734BBEE85D9F}.Release|Any CPU.Build.0 = Release|Any CPU
	EndGlobalSection
	GlobalSection(SolutionProperties) = preSolution
		HideSolutionNode = FALSE
	EndGlobalSection
	GlobalSection(ExtensibilityGlobals) = postSolution
		SolutionGuid = {A1BB45F4-A20F-48B5-9F32-BA499578152B}
	EndGlobalSection
EndGlobal
